
Microsoft Visual Studio Solution File, Format Version 12.00
# Visual Studio 15
VisualStudioVersion = 15.0.26730.12
MinimumVisualStudioVersion = 10.0.40219.1
Project("{9A19103F-16F7-4668-BE54-9A1E7A4F7556}") = "dermal-api", "dermal-api.csproj", "{23FF59DA-A70B-4BC8-8E87-0D43B282942C}"
EndProject
Global
	GlobalSection(SolutionConfigurationPlatforms) = preSolution
		Debug|Any CPU = Debug|Any CPU
		Release|Any CPU = Release|Any CPU
	EndGlobalSection
	GlobalSection(ProjectConfigurationPlatforms) = postSolution
		{23FF59DA-A70B-4BC8-8E87-0D43B282942C}.Debug|Any CPU.ActiveCfg = Debug|Any CPU
		{23FF59DA-A70B-4BC8-8E87-0D43B282942C}.Debug|Any CPU.Build.0 = Debug|Any CPU
		{23FF59DA-A70B-4BC8-8E87-0D43B282942C}.Release|Any CPU.ActiveCfg = Release|Any CPU
		{23FF59DA-A70B-4BC8-8E87-0D43B282942C}.Release|Any CPU.Build.0 = Release|Any CPU
	EndGlobalSection
	GlobalSection(SolutionProperties) = preSolution
		HideSolutionNode = FALSE
	EndGlobalSection
	GlobalSection(ExtensibilityGlobals) = postSolution
		SolutionGuid = {AA110509-6C6C-4400-8B25-C202F734A72B}
	EndGlobalSection
EndGlobal
